
Microsoft Visual Studio Solution File, Format Version 12.00
# Visual Studio Version 17
VisualStudioVersion = 17.4.33110.190
MinimumVisualStudioVersion = 10.0.40219.1
Project("{8BC9CEB8-8B4A-11D0-8D11-00A0C91BC942}") = "Stack", "Stack\Stack.vcxproj", "{9BD43A86-4AEB-431C-9421-350917EDC3EA}"
EndProject
Project("{8BC9CEB8-8B4A-11D0-8D11-00A0C91BC942}") = "Doubly Linked List", "Doubly Linked List\Doubly Linked List.vcxproj", "{B1F8833A-D82F-497F-8AFB-96D6B5D945B4}"
EndProject
Project("{8BC9CEB8-8B4A-11D0-8D11-00A0C91BC942}") = "Singley Linked List", "Singley Linked List\Singley Linked List.vcxproj", "{96350001-3BA6-4F5A-BF77-8B8FD845199B}"
EndProject
Project("{8BC9CEB8-8B4A-11D0-8D11-00A0C91BC942}") = "Queue", "Queue\Queue.vcxproj", "{223FBE4C-4454-47C7-A491-E864AD8B09D0}"
EndProject
Project("{8BC9CEB8-8B4A-11D0-8D11-00A0C91BC942}") = "Binary Heap", "Binary Heap\Binary Heap.vcxproj", "{A8BCF06E-5DE5-4B4D-A5F0-FCC2FDC53160}"
EndProject
Project("{8BC9CEB8-8B4A-11D0-8D11-00A0C91BC942}") = "Union Find (Path Compress)", "Union Find (Path Compress)\Union Find (Path Compress).vcxproj", "{9188FCE1-BE99-451B-BABD-E06D2421B042}"
EndProject
Project("{8BC9CEB8-8B4A-11D0-8D11-00A0C91BC942}") = "Binary Search Tree", "Binary Search Tree\Binary Search Tree.vcxproj", "{CE72C0CB-66A2-486C-8E08-1E0E50D633E3}"
EndProject
Project("{8BC9CEB8-8B4A-11D0-8D11-00A0C91BC942}") = "Hash Table (Separate chaining)", "Hash Table (Seperate chaining)\Hash Table (Seperate chaining).vcxproj", "{74C731BB-52C7-45D9-9A43-3B703766D005}"
EndProject
Project("{8BC9CEB8-8B4A-11D0-8D11-00A0C91BC942}") = "Prefix Sum Array", "Prefix Sum Array\Prefix Sum Array.vcxproj", "{AD6137E8-0AC2-4064-BF42-9AC8A9802E74}"
EndProject
Project("{8BC9CEB8-8B4A-11D0-8D11-00A0C91BC942}") = "Binary Indexed Tree (Fenwick Tree)", "Binary Indexed Tree (Fenwick Tree)\Binary Indexed Tree (Fenwick Tree).vcxproj", "{3DC8B505-E882-4C88-998B-FCCDE24282A5}"
EndProject
Project("{8BC9CEB8-8B4A-11D0-8D11-00A0C91BC942}") = "Balanced Binary Search Tree (AVL)", "Balanced Binary Search Tree (AVL)\Balanced Binary Search Tree (AVL).vcxproj", "{16F95C6D-3839-4913-AE7E-58AB3F0556AE}"
EndProject
Global
	GlobalSection(SolutionConfigurationPlatforms) = preSolution
		Debug|x64 = Debug|x64
		Debug|x86 = Debug|x86
		Release|x64 = Release|x64
		Release|x86 = Release|x86
	EndGlobalSection
	GlobalSection(ProjectConfigurationPlatforms) = postSolution
		{9BD43A86-4AEB-431C-9421-350917EDC3EA}.Debug|x64.ActiveCfg = Debug|x64
		{9BD43A86-4AEB-431C-9421-350917EDC3EA}.Debug|x64.Build.0 = Debug|x64
		{9BD43A86-4AEB-431C-9421-350917EDC3EA}.Debug|x86.ActiveCfg = Debug|Win32
		{9BD43A86-4AEB-431C-9421-350917EDC3EA}.Debug|x86.Build.0 = Debug|Win32
		{9BD43A86-4AEB-431C-9421-350917EDC3EA}.Release|x64.ActiveCfg = Release|x64
		{9BD43A86-4AEB-431C-9421-350917EDC3EA}.Release|x64.Build.0 = Release|x64
		{9BD43A86-4AEB-431C-9421-350917EDC3EA}.Release|x86.ActiveCfg = Release|Win32
		{9BD43A86-4AEB-431C-9421-350917EDC3EA}.Release|x86.Build.0 = Release|Win32
		{B1F8833A-D82F-497F-8AFB-96D6B5D945B4}.Debug|x64.ActiveCfg = Debug|x64
		{B1F8833A-D82F-497F-8AFB-96D6B5D945B4}.Debug|x64.Build.0 = Debug|x64
		{B1F8833A-D82F-497F-8AFB-96D6B5D945B4}.Debug|x86.ActiveCfg = Debug|Win32
		{B1F8833A-D82F-497F-8AFB-96D6B5D945B4}.Debug|x86.Build.0 = Debug|Win32
		{B1F8833A-D82F-497F-8AFB-96D6B5D945B4}.Release|x64.ActiveCfg = Release|x64
		{B1F8833A-D82F-497F-8AFB-96D6B5D945B4}.Release|x64.Build.0 = Release|x64
		{B1F8833A-D82F-497F-8AFB-96D6B5D945B4}.Release|x86.ActiveCfg = Release|Win32
		{B1F8833A-D82F-497F-8AFB-96D6B5D945B4}.Release|x86.Build.0 = Release|Win32
		{96350001-3BA6-4F5A-BF77-8B8FD845199B}.Debug|x64.ActiveCfg = Debug|x64
		{96350001-3BA6-4F5A-BF77-8B8FD845199B}.Debug|x64.Build.0 = Debug|x64
		{96350001-3BA6-4F5A-BF77-8B8FD845199B}.Debug|x86.ActiveCfg = Debug|Win32
		{96350001-3BA6-4F5A-BF77-8B8FD845199B}.Debug|x86.Build.0 = Debug|Win32
		{96350001-3BA6-4F5A-BF77-8B8FD845199B}.Release|x64.ActiveCfg = Release|x64
		{96350001-3BA6-4F5A-BF77-8B8FD845199B}.Release|x64.Build.0 = Release|x64
		{96350001-3BA6-4F5A-BF77-8B8FD845199B}.Release|x86.ActiveCfg = Release|Win32
		{96350001-3BA6-4F5A-BF77-8B8FD845199B}.Release|x86.Build.0 = Release|Win32
		{223FBE4C-4454-47C7-A491-E864AD8B09D0}.Debug|x64.ActiveCfg = Debug|x64
		{223FBE4C-4454-47C7-A491-E864AD8B09D0}.Debug|x64.Build.0 = Debug|x64
		{223FBE4C-4454-47C7-A491-E864AD8B09D0}.Debug|x86.ActiveCfg = Debug|Win32
		{223FBE4C-4454-47C7-A491-E864AD8B09D0}.Debug|x86.Build.0 = Debug|Win32
		{223FBE4C-4454-47C7-A491-E864AD8B09D0}.Release|x64.ActiveCfg = Release|x64
		{223FBE4C-4454-47C7-A491-E864AD8B09D0}.Release|x64.Build.0 = Release|x64
		{223FBE4C-4454-47C7-A491-E864AD8B09D0}.Release|x86.ActiveCfg = Release|Win32
		{223FBE4C-4454-47C7-A491-E864AD8B09D0}.Release|x86.Build.0 = Release|Win32
		{A8BCF06E-5DE5-4B4D-A5F0-FCC2FDC53160}.Debug|x64.ActiveCfg = Debug|x64
		{A8BCF06E-5DE5-4B4D-A5F0-FCC2FDC53160}.Debug|x64.Build.0 = Debug|x64
		{A8BCF06E-5DE5-4B4D-A5F0-FCC2FDC53160}.Debug|x86.ActiveCfg = Debug|Win32
		{A8BCF06E-5DE5-4B4D-A5F0-FCC2FDC53160}.Debug|x86.Build.0 = Debug|Win32
		{A8BCF06E-5DE5-4B4D-A5F0-FCC2FDC53160}.Release|x64.ActiveCfg = Release|x64
		{A8BCF06E-5DE5-4B4D-A5F0-FCC2FDC53160}.Release|x64.Build.0 = Release|x64
		{A8BCF06E-5DE5-4B4D-A5F0-FCC2FDC53160}.Release|x86.ActiveCfg = Release|Win32
		{A8BCF06E-5DE5-4B4D-A5F0-FCC2FDC53160}.Release|x86.Build.0 = Release|Win32
		{9188FCE1-BE99-451B-BABD-E06D2421B042}.Debug|x64.ActiveCfg = Debug|x64
		{9188FCE1-BE99-451B-BABD-E06D2421B042}.Debug|x64.Build.0 = Debug|x64
		{9188FCE1-BE99-451B-BABD-E06D2421B042}.Debug|x86.ActiveCfg = Debug|Win32
		{9188FCE1-BE99-451B-BABD-E06D2421B042}.Debug|x86.Build.0 = Debug|Win32
		{9188FCE1-BE99-451B-BABD-E06D2421B042}.Release|x64.ActiveCfg = Release|x64
		{9188FCE1-BE99-451B-BABD-E06D2421B042}.Release|x64.Build.0 = Release|x64
		{9188FCE1-BE99-451B-BABD-E06D2421B042}.Release|x86.ActiveCfg = Release|Win32
		{9188FCE1-BE99-451B-BABD-E06D2421B042}.Release|x86.Build.0 = Release|Win32
		{CE72C0CB-66A2-486C-8E08-1E0E50D633E3}.Debug|x64.ActiveCfg = Debug|x64
		{CE72C0CB-66A2-486C-8E08-1E0E50D633E3}.Debug|x64.Build.0 = Debug|x64
		{CE72C0CB-66A2-486C-8E08-1E0E50D633E3}.Debug|x86.ActiveCfg = Debug|Win32
		{CE72C0CB-66A2-486C-8E08-1E0E50D633E3}.Debug|x86.Build.0 = Debug|Win32
		{CE72C0CB-66A2-486C-8E08-1E0E50D633E3}.Release|x64.ActiveCfg = Release|x64
		{CE72C0CB-66A2-486C-8E08-1E0E50D633E3}.Release|x64.Build.0 = Release|x64
		{CE72C0CB-66A2-486C-8E08-1E0E50D633E3}.Release|x86.ActiveCfg = Release|Win32
		{CE72C0CB-66A2-486C-8E08-1E0E50D633E3}.Release|x86.Build.0 = Release|Win32
		{74C731BB-52C7-45D9-9A43-3B703766D005}.Debug|x64.ActiveCfg = Debug|x64
		{74C731BB-52C7-45D9-9A43-3B703766D005}.Debug|x64.Build.0 = Debug|x64
		{74C731BB-52C7-45D9-9A43-3B703766D005}.Debug|x86.ActiveCfg = Debug|Win32
		{74C731BB-52C7-45D9-9A43-3B703766D005}.Debug|x86.Build.0 = Debug|Win32
		{74C731BB-52C7-45D9-9A43-3B703766D005}.Release|x64.ActiveCfg = Release|x64
		{74C731BB-52C7-45D9-9A43-3B703766D005}.Release|x64.Build.0 = Release|x64
		{74C731BB-52C7-45D9-9A43-3B703766D005}.Release|x86.ActiveCfg = Release|Win32
		{74C731BB-52C7-45D9-9A43-3B703766D005}.Release|x86.Build.0 = Release|Win32
		{AD6137E8-0AC2-4064-BF42-9AC8A9802E74}.Debug|x64.ActiveCfg = Debug|x64
		{AD6137E8-0AC2-4064-BF42-9AC8A9802E74}.Debug|x64.Build.0 = Debug|x64
		{AD6137E8-0AC2-4064-BF42-9AC8A9802E74}.Debug|x86.ActiveCfg = Debug|Win32
		{AD6137E8-0AC2-4064-BF42-9AC8A9802E74}.Debug|x86.Build.0 = Debug|Win32
		{AD6137E8-0AC2-4064-BF42-9AC8A9802E74}.Release|x64.ActiveCfg = Release|x64
		{AD6137E8-0AC2-4064-BF42-9AC8A9802E74}.Release|x64.Build.0 = Release|x64
		{AD6137E8-0AC2-4064-BF42-9AC8A9802E74}.Release|x86.ActiveCfg = Release|Win32
		{AD6137E8-0AC2-4064-BF42-9AC8A9802E74}.Release|x86.Build.0 = Release|Win32
		{3DC8B505-E882-4C88-998B-FCCDE24282A5}.Debug|x64.ActiveCfg = Debug|x64
		{3DC8B505-E882-4C88-998B-FCCDE24282A5}.Debug|x64.Build.0 = Debug|x64
		{3DC8B505-E882-4C88-998B-FCCDE24282A5}.Debug|x86.ActiveCfg = Debug|Win32
		{3DC8B505-E882-4C88-998B-FCCDE24282A5}.Debug|x86.Build.0 = Debug|Win32
		{3DC8B505-E882-4C88-998B-FCCDE24282A5}.Release|x64.ActiveCfg = Release|x64
		{3DC8B505-E882-4C88-998B-FCCDE24282A5}.Release|x64.Build.0 = Release|x64
		{3DC8B505-E882-4C88-998B-FCCDE24282A5}.Release|x86.ActiveCfg = Release|Win32
		{3DC8B505-E882-4C88-998B-FCCDE24282A5}.Release|x86.Build.0 = Release|Win32
		{16F95C6D-3839-4913-AE7E-58AB3F0556AE}.Debug|x64.ActiveCfg = Debug|x64
		{16F95C6D-3839-4913-AE7E-58AB3F0556AE}.Debug|x64.Build.0 = Debug|x64
		{16F95C6D-3839-4913-AE7E-58AB3F0556AE}.Debug|x86.ActiveCfg = Debug|Win32
		{16F95C6D-3839-4913-AE7E-58AB3F0556AE}.Debug|x86.Build.0 = Debug|Win32
		{16F95C6D-3839-4913-AE7E-58AB3F0556AE}.Release|x64.ActiveCfg = Release|x64
		{16F95C6D-3839-4913-AE7E-58AB3F0556AE}.Release|x64.Build.0 = Release|x64
		{16F95C6D-3839-4913-AE7E-58AB3F0556AE}.Release|x86.ActiveCfg = Release|Win32
		{16F95C6D-3839-4913-AE7E-58AB3F0556AE}.Release|x86.Build.0 = Release|Win32
	EndGlobalSection
	GlobalSection(SolutionProperties) = preSolution
		HideSolutionNode = FALSE
	EndGlobalSection
	GlobalSection(ExtensibilityGlobals) = postSolution
		SolutionGuid = {E82D113F-FCE9-47AA-8ACA-28584E34C280}
	EndGlobalSection
EndGlobal
